
Microsoft Visual Studio Solution File, Format Version 12.00
# Visual Studio 15
VisualStudioVersion = 15.0.27130.2010
MinimumVisualStudioVersion = 10.0.40219.1
Project("{2150E333-8FDC-42A3-9474-1A3956D46DE8}") = "Host", "Host", "{C37F401B-4BE2-4278-AFB5-8F6665F90674}"
EndProject
Project("{9A19103F-16F7-4668-BE54-9A1E7A4F7556}") = "Radarr.Common", "Radarr.Common\Radarr.Common.csproj", "{73D4562C-D86E-4B0C-A71F-238C93E040D7}"
EndProject
Project("{2150E333-8FDC-42A3-9474-1A3956D46DE8}") = "Database", "Database", "{96DB7C7E-7CCB-4F06-BC74-B9C586008F49}"
EndProject
Project("{9A19103F-16F7-4668-BE54-9A1E7A4F7556}") = "Radarr.Database.Main", "Radarr.Database.Main\Radarr.Database.Main.csproj", "{BB3FE920-4917-4D3D-8838-B6B9A978DFDF}"
EndProject
Project("{9A19103F-16F7-4668-BE54-9A1E7A4F7556}") = "Radarr.Host", "Radarr.Host\Radarr.Host.csproj", "{B8525986-19F6-4E86-A563-7737A69BC062}"
EndProject
Project("{2150E333-8FDC-42A3-9474-1A3956D46DE8}") = "Runtime", "Runtime", "{EF1592C9-DBCB-4A1C-8CB3-2D21ACF460C0}"
EndProject
Project("{9A19103F-16F7-4668-BE54-9A1E7A4F7556}") = "Radarr.Runtime.Windows", "Radarr.Runtime.Windows\Radarr.Runtime.Windows.csproj", "{8713A065-24FB-4564-888E-6E39360DE900}"
EndProject
Project("{9A19103F-16F7-4668-BE54-9A1E7A4F7556}") = "Radarr.Database.Logs", "Radarr.Database.Logs\Radarr.Database.Logs.csproj", "{1A199458-EDFE-4CFA-8626-CD2740DE66FA}"
EndProject
Project("{9A19103F-16F7-4668-BE54-9A1E7A4F7556}") = "Radarr.Host.Console", "Radarr.Host.Console\Radarr.Host.Console.csproj", "{1B30A056-5924-4A77-97CC-A115FA7192CD}"
EndProject
Project("{2150E333-8FDC-42A3-9474-1A3956D46DE8}") = "Test", "Test", "{76466289-C0C0-4079-97BF-7573C9E77D3F}"
EndProject
Project("{9A19103F-16F7-4668-BE54-9A1E7A4F7556}") = "Radarr.Runtime.Windows.Test", "Radarr.Runtime.Windows.Test\Radarr.Runtime.Windows.Test.csproj", "{268613EB-6264-458E-80B3-7AF3D2D3F38E}"
EndProject
Project("{9A19103F-16F7-4668-BE54-9A1E7A4F7556}") = "Radarr.Test.Common", "Radarr.Test.Common\Radarr.Test.Common.csproj", "{C006DB2E-401C-4167-B41C-DE091F3BCFEE}"
EndProject
Project("{9A19103F-16F7-4668-BE54-9A1E7A4F7556}") = "Radarr.Core", "Radarr.Core\Radarr.Core.csproj", "{2E222BAA-A4C6-4D4E-9296-DD060DE77DC7}"
EndProject
Project("{9A19103F-16F7-4668-BE54-9A1E7A4F7556}") = "Radarr.Common.Test", "Radarr.Common.Test\Radarr.Common.Test.csproj", "{029D6E76-DF2C-4EAA-B866-E706F48FBA42}"
EndProject
Global
	GlobalSection(SolutionConfigurationPlatforms) = preSolution
		Debug|Any CPU = Debug|Any CPU
		Release|Any CPU = Release|Any CPU
	EndGlobalSection
	GlobalSection(ProjectConfigurationPlatforms) = postSolution
		{73D4562C-D86E-4B0C-A71F-238C93E040D7}.Debug|Any CPU.ActiveCfg = Debug|Any CPU
		{73D4562C-D86E-4B0C-A71F-238C93E040D7}.Debug|Any CPU.Build.0 = Debug|Any CPU
		{73D4562C-D86E-4B0C-A71F-238C93E040D7}.Release|Any CPU.ActiveCfg = Release|Any CPU
		{73D4562C-D86E-4B0C-A71F-238C93E040D7}.Release|Any CPU.Build.0 = Release|Any CPU
		{BB3FE920-4917-4D3D-8838-B6B9A978DFDF}.Debug|Any CPU.ActiveCfg = Debug|Any CPU
		{BB3FE920-4917-4D3D-8838-B6B9A978DFDF}.Debug|Any CPU.Build.0 = Debug|Any CPU
		{BB3FE920-4917-4D3D-8838-B6B9A978DFDF}.Release|Any CPU.ActiveCfg = Release|Any CPU
		{BB3FE920-4917-4D3D-8838-B6B9A978DFDF}.Release|Any CPU.Build.0 = Release|Any CPU
		{B8525986-19F6-4E86-A563-7737A69BC062}.Debug|Any CPU.ActiveCfg = Debug|Any CPU
		{B8525986-19F6-4E86-A563-7737A69BC062}.Debug|Any CPU.Build.0 = Debug|Any CPU
		{B8525986-19F6-4E86-A563-7737A69BC062}.Release|Any CPU.ActiveCfg = Release|Any CPU
		{B8525986-19F6-4E86-A563-7737A69BC062}.Release|Any CPU.Build.0 = Release|Any CPU
		{8713A065-24FB-4564-888E-6E39360DE900}.Debug|Any CPU.ActiveCfg = Debug|Any CPU
		{8713A065-24FB-4564-888E-6E39360DE900}.Debug|Any CPU.Build.0 = Debug|Any CPU
		{8713A065-24FB-4564-888E-6E39360DE900}.Release|Any CPU.ActiveCfg = Release|Any CPU
		{8713A065-24FB-4564-888E-6E39360DE900}.Release|Any CPU.Build.0 = Release|Any CPU
		{1A199458-EDFE-4CFA-8626-CD2740DE66FA}.Debug|Any CPU.ActiveCfg = Debug|Any CPU
		{1A199458-EDFE-4CFA-8626-CD2740DE66FA}.Debug|Any CPU.Build.0 = Debug|Any CPU
		{1A199458-EDFE-4CFA-8626-CD2740DE66FA}.Release|Any CPU.ActiveCfg = Release|Any CPU
		{1A199458-EDFE-4CFA-8626-CD2740DE66FA}.Release|Any CPU.Build.0 = Release|Any CPU
		{1B30A056-5924-4A77-97CC-A115FA7192CD}.Debug|Any CPU.ActiveCfg = Debug|Any CPU
		{1B30A056-5924-4A77-97CC-A115FA7192CD}.Debug|Any CPU.Build.0 = Debug|Any CPU
		{1B30A056-5924-4A77-97CC-A115FA7192CD}.Release|Any CPU.ActiveCfg = Release|Any CPU
		{1B30A056-5924-4A77-97CC-A115FA7192CD}.Release|Any CPU.Build.0 = Release|Any CPU
		{268613EB-6264-458E-80B3-7AF3D2D3F38E}.Debug|Any CPU.ActiveCfg = Debug|Any CPU
		{268613EB-6264-458E-80B3-7AF3D2D3F38E}.Debug|Any CPU.Build.0 = Debug|Any CPU
		{268613EB-6264-458E-80B3-7AF3D2D3F38E}.Release|Any CPU.ActiveCfg = Release|Any CPU
		{268613EB-6264-458E-80B3-7AF3D2D3F38E}.Release|Any CPU.Build.0 = Release|Any CPU
		{C006DB2E-401C-4167-B41C-DE091F3BCFEE}.Debug|Any CPU.ActiveCfg = Debug|Any CPU
		{C006DB2E-401C-4167-B41C-DE091F3BCFEE}.Debug|Any CPU.Build.0 = Debug|Any CPU
		{C006DB2E-401C-4167-B41C-DE091F3BCFEE}.Release|Any CPU.ActiveCfg = Release|Any CPU
		{C006DB2E-401C-4167-B41C-DE091F3BCFEE}.Release|Any CPU.Build.0 = Release|Any CPU
		{2E222BAA-A4C6-4D4E-9296-DD060DE77DC7}.Debug|Any CPU.ActiveCfg = Debug|Any CPU
		{2E222BAA-A4C6-4D4E-9296-DD060DE77DC7}.Debug|Any CPU.Build.0 = Debug|Any CPU
		{2E222BAA-A4C6-4D4E-9296-DD060DE77DC7}.Release|Any CPU.ActiveCfg = Release|Any CPU
		{2E222BAA-A4C6-4D4E-9296-DD060DE77DC7}.Release|Any CPU.Build.0 = Release|Any CPU
		{029D6E76-DF2C-4EAA-B866-E706F48FBA42}.Debug|Any CPU.ActiveCfg = Debug|Any CPU
		{029D6E76-DF2C-4EAA-B866-E706F48FBA42}.Debug|Any CPU.Build.0 = Debug|Any CPU
		{029D6E76-DF2C-4EAA-B866-E706F48FBA42}.Release|Any CPU.ActiveCfg = Release|Any CPU
		{029D6E76-DF2C-4EAA-B866-E706F48FBA42}.Release|Any CPU.Build.0 = Release|Any CPU
	EndGlobalSection
	GlobalSection(SolutionProperties) = preSolution
		HideSolutionNode = FALSE
	EndGlobalSection
	GlobalSection(NestedProjects) = preSolution
		{BB3FE920-4917-4D3D-8838-B6B9A978DFDF} = {96DB7C7E-7CCB-4F06-BC74-B9C586008F49}
		{B8525986-19F6-4E86-A563-7737A69BC062} = {C37F401B-4BE2-4278-AFB5-8F6665F90674}
		{8713A065-24FB-4564-888E-6E39360DE900} = {EF1592C9-DBCB-4A1C-8CB3-2D21ACF460C0}
		{1A199458-EDFE-4CFA-8626-CD2740DE66FA} = {96DB7C7E-7CCB-4F06-BC74-B9C586008F49}
		{1B30A056-5924-4A77-97CC-A115FA7192CD} = {C37F401B-4BE2-4278-AFB5-8F6665F90674}
		{268613EB-6264-458E-80B3-7AF3D2D3F38E} = {76466289-C0C0-4079-97BF-7573C9E77D3F}
		{C006DB2E-401C-4167-B41C-DE091F3BCFEE} = {76466289-C0C0-4079-97BF-7573C9E77D3F}
		{029D6E76-DF2C-4EAA-B866-E706F48FBA42} = {76466289-C0C0-4079-97BF-7573C9E77D3F}
	EndGlobalSection
	GlobalSection(ExtensibilityGlobals) = postSolution
		SolutionGuid = {6DBC1628-FE03-4392-92AC-42CB603F016A}
	EndGlobalSection
EndGlobal
